
Microsoft Visual Studio Solution File, Format Version 12.00
# Visual Studio 2012
Project("{FAE04EC0-301F-11D3-BF4B-00C04F79EFBC}") = "Clean", "Clean\Clean.csproj", "{87C7B939-F850-4BFC-BFFE-64F2722609D9}"
EndProject
Global
	GlobalSection(SolutionConfigurationPlatforms) = preSolution
		Debug|Any CPU = Debug|Any CPU
		Release|Any CPU = Release|Any CPU
	EndGlobalSection
	GlobalSection(ProjectConfigurationPlatforms) = postSolution
		{87C7B939-F850-4BFC-BFFE-64F2722609D9}.Debug|Any CPU.ActiveCfg = Debug|Any CPU
		{87C7B939-F850-4BFC-BFFE-64F2722609D9}.Debug|Any CPU.Build.0 = Debug|Any CPU
		{87C7B939-F850-4BFC-BFFE-64F2722609D9}.Release|Any CPU.ActiveCfg = Release|Any CPU
		{87C7B939-F850-4BFC-BFFE-64F2722609D9}.Release|Any CPU.Build.0 = Release|Any CPU
	EndGlobalSection
	GlobalSection(SolutionProperties) = preSolution
		HideSolutionNode = FALSE
	EndGlobalSection
EndGlobal
